
Microsoft Visual Studio Solution File, Format Version 12.00
# Visual Studio Version 17
VisualStudioVersion = 17.7.34202.233
MinimumVisualStudioVersion = 10.0.40219.1
Project("{FAE04EC0-301F-11D3-BF4B-00C04F79EFBC}") = "Conditions  Tasks  Test", "Conditions  Tasks  Test\Conditions  Tasks  Test.csproj", "{E7B4C252-789E-4EFF-9E21-BB51E4B04912}"
EndProject
Global
	GlobalSection(SolutionConfigurationPlatforms) = preSolution
		Debug|Any CPU = Debug|Any CPU
		Release|Any CPU = Release|Any CPU
	EndGlobalSection
	GlobalSection(ProjectConfigurationPlatforms) = postSolution
		{E7B4C252-789E-4EFF-9E21-BB51E4B04912}.Debug|Any CPU.ActiveCfg = Debug|Any CPU
		{E7B4C252-789E-4EFF-9E21-BB51E4B04912}.Debug|Any CPU.Build.0 = Debug|Any CPU
		{E7B4C252-789E-4EFF-9E21-BB51E4B04912}.Release|Any CPU.ActiveCfg = Release|Any CPU
		{E7B4C252-789E-4EFF-9E21-BB51E4B04912}.Release|Any CPU.Build.0 = Release|Any CPU
	EndGlobalSection
	GlobalSection(SolutionProperties) = preSolution
		HideSolutionNode = FALSE
	EndGlobalSection
	GlobalSection(ExtensibilityGlobals) = postSolution
		SolutionGuid = {A62DB199-AB60-4D2B-8396-310A8617A4A8}
	EndGlobalSection
EndGlobal
